// !$*UTF8*$!
{
	archiveVersion = 1;
	classes = {
	};
	objectVersion = 51;
	objects = {

/* Begin PBXBuildFile section */
		97C2C0E3663D504F8BFF2402 /* Pods_MarvelCharactersList.framework in Frameworks */ = {isa = PBXBuildFile; fileRef = DEE6EEE33785532B3EFE3EA0 /* Pods_MarvelCharactersList.framework */; };
		A0872EF4256120050031B802 /* AppDelegate.swift in Sources */ = {isa = PBXBuildFile; fileRef = A0872EF3256120050031B802 /* AppDelegate.swift */; };
		A0872EF6256120050031B802 /* SceneDelegate.swift in Sources */ = {isa = PBXBuildFile; fileRef = A0872EF5256120050031B802 /* SceneDelegate.swift */; };
		A0872EFD256120060031B802 /* Assets.xcassets in Resources */ = {isa = PBXBuildFile; fileRef = A0872EFC256120060031B802 /* Assets.xcassets */; };
		A0872F00256120060031B802 /* LaunchScreen.storyboard in Resources */ = {isa = PBXBuildFile; fileRef = A0872EFE256120060031B802 /* LaunchScreen.storyboard */; };
		A0872F0B256120070031B802 /* MarvelCharactersListTests.swift in Sources */ = {isa = PBXBuildFile; fileRef = A0872F0A256120070031B802 /* MarvelCharactersListTests.swift */; };
		A0872F16256120070031B802 /* MarvelCharactersListUITests.swift in Sources */ = {isa = PBXBuildFile; fileRef = A0872F15256120070031B802 /* MarvelCharactersListUITests.swift */; };
		A0872F4B256127040031B802 /* MCListViewController.swift in Sources */ = {isa = PBXBuildFile; fileRef = A0872F49256127040031B802 /* MCListViewController.swift */; };
		A0872F52256127270031B802 /* MCListDetailViewController.swift in Sources */ = {isa = PBXBuildFile; fileRef = A0872F50256127270031B802 /* MCListDetailViewController.swift */; };
		A0872F6A256129700031B802 /* MCListViewController.storyboard in Resources */ = {isa = PBXBuildFile; fileRef = A0872F69256129700031B802 /* MCListViewController.storyboard */; };
		A0872F72256129F30031B802 /* MCListRouter.swift in Sources */ = {isa = PBXBuildFile; fileRef = A0872F71256129F30031B802 /* MCListRouter.swift */; };
		A0872F77256129FF0031B802 /* MCListInteractor.swift in Sources */ = {isa = PBXBuildFile; fileRef = A0872F76256129FF0031B802 /* MCListInteractor.swift */; };
		A0872F7C25612A0F0031B802 /* MCListPresenter.swift in Sources */ = {isa = PBXBuildFile; fileRef = A0872F7B25612A0F0031B802 /* MCListPresenter.swift */; };
		A0872F8B25612CBF0031B802 /* MCListRepository.swift in Sources */ = {isa = PBXBuildFile; fileRef = A0872F8A25612CBF0031B802 /* MCListRepository.swift */; };
		A0BAB5BF25614A9900761587 /* String+Extension.swift in Sources */ = {isa = PBXBuildFile; fileRef = A0BAB5BE25614A9900761587 /* String+Extension.swift */; };
		A0BAB5C525614D1900761587 /* MCListCharactersResponse.swift in Sources */ = {isa = PBXBuildFile; fileRef = A0BAB5C425614D1900761587 /* MCListCharactersResponse.swift */; };
		A0BAB5CD25616A2200761587 /* MCListViewController+UITableView.swift in Sources */ = {isa = PBXBuildFile; fileRef = A0BAB5CC25616A2200761587 /* MCListViewController+UITableView.swift */; };
		A0BAB5D42561758100761587 /* MCListCell.swift in Sources */ = {isa = PBXBuildFile; fileRef = A0BAB5D22561758100761587 /* MCListCell.swift */; };
		A0BAB5D52561758100761587 /* MCListCell.xib in Resources */ = {isa = PBXBuildFile; fileRef = A0BAB5D32561758100761587 /* MCListCell.xib */; };
		A0BAB5DA256176E000761587 /* UITableViewCell+Extension.swift in Sources */ = {isa = PBXBuildFile; fileRef = A0BAB5D9256176E000761587 /* UITableViewCell+Extension.swift */; };
		A0BAB5E6256178EE00761587 /* UIImageView+Extension.swift in Sources */ = {isa = PBXBuildFile; fileRef = A0BAB5E5256178EE00761587 /* UIImageView+Extension.swift */; };
		A0BAB5FB25618BE600761587 /* MCListDetailViewController.storyboard in Resources */ = {isa = PBXBuildFile; fileRef = A0BAB5FA25618BE600761587 /* MCListDetailViewController.storyboard */; };
		A0BAB60025618C9400761587 /* MCListDetailRouter.swift in Sources */ = {isa = PBXBuildFile; fileRef = A0BAB5FF25618C9400761587 /* MCListDetailRouter.swift */; };
		A0BAB60525618C9F00761587 /* MCListDetailInteractor.swift in Sources */ = {isa = PBXBuildFile; fileRef = A0BAB60425618C9F00761587 /* MCListDetailInteractor.swift */; };
		A0BAB60A25618CAA00761587 /* MCListDetailPresenter.swift in Sources */ = {isa = PBXBuildFile; fileRef = A0BAB60925618CAA00761587 /* MCListDetailPresenter.swift */; };
		A0BAB60F2561931800761587 /* MCListDetailViewController+UITableView.swift in Sources */ = {isa = PBXBuildFile; fileRef = A0BAB60E2561931800761587 /* MCListDetailViewController+UITableView.swift */; };
		A0BAB61825627FF800761587 /* MCListViewPresenterMock.swift in Sources */ = {isa = PBXBuildFile; fileRef = A0BAB61725627FF800761587 /* MCListViewPresenterMock.swift */; };
		A0BAB6202562800800761587 /* MCListViewControllerMock.swift in Sources */ = {isa = PBXBuildFile; fileRef = A0BAB61F2562800800761587 /* MCListViewControllerMock.swift */; };
		A0BAB6252562801300761587 /* MCListViewControllerTests.swift in Sources */ = {isa = PBXBuildFile; fileRef = A0BAB6242562801300761587 /* MCListViewControllerTests.swift */; };
		A0BAB62A2562813E00761587 /* MCListRouterMock.swift in Sources */ = {isa = PBXBuildFile; fileRef = A0BAB6292562813E00761587 /* MCListRouterMock.swift */; };
		A0BAB632256283B800761587 /* MCListInteractorMock.swift in Sources */ = {isa = PBXBuildFile; fileRef = A0BAB631256283B800761587 /* MCListInteractorMock.swift */; };
		A0BAB63A2562844C00761587 /* MCListrepositoryMock.swift in Sources */ = {isa = PBXBuildFile; fileRef = A0BAB6392562844C00761587 /* MCListrepositoryMock.swift */; };
		A7E61FB7007EBF8C03304461 /* Pods_MarvelCharactersListTests.framework in Frameworks */ = {isa = PBXBuildFile; fileRef = 5AAB1B2C0868012D8AA77982 /* Pods_MarvelCharactersListTests.framework */; };
		B9A5B066D01C60C65AFE51C8 /* Pods_MarvelCharactersList_MarvelCharactersListUITests.framework in Frameworks */ = {isa = PBXBuildFile; fileRef = 2BBE9901AD514FBB98F6B329 /* Pods_MarvelCharactersList_MarvelCharactersListUITests.framework */; };
/* End PBXBuildFile section */

/* Begin PBXContainerItemProxy section */
		A0872F07256120070031B802 /* PBXContainerItemProxy */ = {
			isa = PBXContainerItemProxy;
			containerPortal = A0872EE8256120050031B802 /* Project object */;
			proxyType = 1;
			remoteGlobalIDString = A0872EEF256120050031B802;
			remoteInfo = MarvelCharactersList;
		};
		A0872F12256120070031B802 /* PBXContainerItemProxy */ = {
			isa = PBXContainerItemProxy;
			containerPortal = A0872EE8256120050031B802 /* Project object */;
			proxyType = 1;
			remoteGlobalIDString = A0872EEF256120050031B802;
			remoteInfo = MarvelCharactersList;
		};
/* End PBXContainerItemProxy section */

/* Begin PBXFileReference section */
		2BBE9901AD514FBB98F6B329 /* Pods_MarvelCharactersList_MarvelCharactersListUITests.framework */ = {isa = PBXFileReference; explicitFileType = wrapper.framework; includeInIndex = 0; path = Pods_MarvelCharactersList_MarvelCharactersListUITests.framework; sourceTree = BUILT_PRODUCTS_DIR; };
		5AAB1B2C0868012D8AA77982 /* Pods_MarvelCharactersListTests.framework */ = {isa = PBXFileReference; explicitFileType = wrapper.framework; includeInIndex = 0; path = Pods_MarvelCharactersListTests.framework; sourceTree = BUILT_PRODUCTS_DIR; };
		6F8A80304145ABE9C725E50F /* Pods-MarvelCharactersListTests.release.xcconfig */ = {isa = PBXFileReference; includeInIndex = 1; lastKnownFileType = text.xcconfig; name = "Pods-MarvelCharactersListTests.release.xcconfig"; path = "Target Support Files/Pods-MarvelCharactersListTests/Pods-MarvelCharactersListTests.release.xcconfig"; sourceTree = "<group>"; };
		8E273EF652FBD260737D969E /* Pods-MarvelCharactersList.debug.xcconfig */ = {isa = PBXFileReference; includeInIndex = 1; lastKnownFileType = text.xcconfig; name = "Pods-MarvelCharactersList.debug.xcconfig"; path = "Target Support Files/Pods-MarvelCharactersList/Pods-MarvelCharactersList.debug.xcconfig"; sourceTree = "<group>"; };
		95E3C9026086584FD54B10AB /* Pods-MarvelCharactersList-MarvelCharactersListUITests.debug.xcconfig */ = {isa = PBXFileReference; includeInIndex = 1; lastKnownFileType = text.xcconfig; name = "Pods-MarvelCharactersList-MarvelCharactersListUITests.debug.xcconfig"; path = "Target Support Files/Pods-MarvelCharactersList-MarvelCharactersListUITests/Pods-MarvelCharactersList-MarvelCharactersListUITests.debug.xcconfig"; sourceTree = "<group>"; };
		9920D261B83D007FEBFF9F02 /* Pods-MarvelCharactersList-MarvelCharactersListUITests.release.xcconfig */ = {isa = PBXFileReference; includeInIndex = 1; lastKnownFileType = text.xcconfig; name = "Pods-MarvelCharactersList-MarvelCharactersListUITests.release.xcconfig"; path = "Target Support Files/Pods-MarvelCharactersList-MarvelCharactersListUITests/Pods-MarvelCharactersList-MarvelCharactersListUITests.release.xcconfig"; sourceTree = "<group>"; };
		A0872EF0256120050031B802 /* MarvelCharactersList.app */ = {isa = PBXFileReference; explicitFileType = wrapper.application; includeInIndex = 0; path = MarvelCharactersList.app; sourceTree = BUILT_PRODUCTS_DIR; };
		A0872EF3256120050031B802 /* AppDelegate.swift */ = {isa = PBXFileReference; lastKnownFileType = sourcecode.swift; path = AppDelegate.swift; sourceTree = "<group>"; };
		A0872EF5256120050031B802 /* SceneDelegate.swift */ = {isa = PBXFileReference; lastKnownFileType = sourcecode.swift; path = SceneDelegate.swift; sourceTree = "<group>"; };
		A0872EFC256120060031B802 /* Assets.xcassets */ = {isa = PBXFileReference; lastKnownFileType = folder.assetcatalog; path = Assets.xcassets; sourceTree = "<group>"; };
		A0872EFF256120060031B802 /* Base */ = {isa = PBXFileReference; lastKnownFileType = file.storyboard; name = Base; path = Base.lproj/LaunchScreen.storyboard; sourceTree = "<group>"; };
		A0872F01256120060031B802 /* Info.plist */ = {isa = PBXFileReference; lastKnownFileType = text.plist.xml; path = Info.plist; sourceTree = "<group>"; };
		A0872F06256120070031B802 /* MarvelCharactersListTests.xctest */ = {isa = PBXFileReference; explicitFileType = wrapper.cfbundle; includeInIndex = 0; path = MarvelCharactersListTests.xctest; sourceTree = BUILT_PRODUCTS_DIR; };
		A0872F0A256120070031B802 /* MarvelCharactersListTests.swift */ = {isa = PBXFileReference; lastKnownFileType = sourcecode.swift; path = MarvelCharactersListTests.swift; sourceTree = "<group>"; };
		A0872F0C256120070031B802 /* Info.plist */ = {isa = PBXFileReference; lastKnownFileType = text.plist.xml; path = Info.plist; sourceTree = "<group>"; };
		A0872F11256120070031B802 /* MarvelCharactersListUITests.xctest */ = {isa = PBXFileReference; explicitFileType = wrapper.cfbundle; includeInIndex = 0; path = MarvelCharactersListUITests.xctest; sourceTree = BUILT_PRODUCTS_DIR; };
		A0872F15256120070031B802 /* MarvelCharactersListUITests.swift */ = {isa = PBXFileReference; lastKnownFileType = sourcecode.swift; path = MarvelCharactersListUITests.swift; sourceTree = "<group>"; };
		A0872F17256120070031B802 /* Info.plist */ = {isa = PBXFileReference; lastKnownFileType = text.plist.xml; path = Info.plist; sourceTree = "<group>"; };
		A0872F49256127040031B802 /* MCListViewController.swift */ = {isa = PBXFileReference; lastKnownFileType = sourcecode.swift; path = MCListViewController.swift; sourceTree = "<group>"; };
		A0872F50256127270031B802 /* MCListDetailViewController.swift */ = {isa = PBXFileReference; lastKnownFileType = sourcecode.swift; path = MCListDetailViewController.swift; sourceTree = "<group>"; };
		A0872F69256129700031B802 /* MCListViewController.storyboard */ = {isa = PBXFileReference; lastKnownFileType = file.storyboard; path = MCListViewController.storyboard; sourceTree = "<group>"; };
		A0872F71256129F30031B802 /* MCListRouter.swift */ = {isa = PBXFileReference; lastKnownFileType = sourcecode.swift; path = MCListRouter.swift; sourceTree = "<group>"; };
		A0872F76256129FF0031B802 /* MCListInteractor.swift */ = {isa = PBXFileReference; lastKnownFileType = sourcecode.swift; path = MCListInteractor.swift; sourceTree = "<group>"; };
		A0872F7B25612A0F0031B802 /* MCListPresenter.swift */ = {isa = PBXFileReference; lastKnownFileType = sourcecode.swift; path = MCListPresenter.swift; sourceTree = "<group>"; };
		A0872F8A25612CBF0031B802 /* MCListRepository.swift */ = {isa = PBXFileReference; lastKnownFileType = sourcecode.swift; path = MCListRepository.swift; sourceTree = "<group>"; };
		A0BAB5BE25614A9900761587 /* String+Extension.swift */ = {isa = PBXFileReference; lastKnownFileType = sourcecode.swift; path = "String+Extension.swift"; sourceTree = "<group>"; };
		A0BAB5C425614D1900761587 /* MCListCharactersResponse.swift */ = {isa = PBXFileReference; lastKnownFileType = sourcecode.swift; path = MCListCharactersResponse.swift; sourceTree = "<group>"; };
		A0BAB5CC25616A2200761587 /* MCListViewController+UITableView.swift */ = {isa = PBXFileReference; lastKnownFileType = sourcecode.swift; path = "MCListViewController+UITableView.swift"; sourceTree = "<group>"; };
		A0BAB5D22561758100761587 /* MCListCell.swift */ = {isa = PBXFileReference; lastKnownFileType = sourcecode.swift; path = MCListCell.swift; sourceTree = "<group>"; };
		A0BAB5D32561758100761587 /* MCListCell.xib */ = {isa = PBXFileReference; lastKnownFileType = file.xib; path = MCListCell.xib; sourceTree = "<group>"; };
		A0BAB5D9256176E000761587 /* UITableViewCell+Extension.swift */ = {isa = PBXFileReference; lastKnownFileType = sourcecode.swift; path = "UITableViewCell+Extension.swift"; sourceTree = "<group>"; };
		A0BAB5E5256178EE00761587 /* UIImageView+Extension.swift */ = {isa = PBXFileReference; lastKnownFileType = sourcecode.swift; path = "UIImageView+Extension.swift"; sourceTree = "<group>"; };
		A0BAB5FA25618BE600761587 /* MCListDetailViewController.storyboard */ = {isa = PBXFileReference; lastKnownFileType = file.storyboard; path = MCListDetailViewController.storyboard; sourceTree = "<group>"; };
		A0BAB5FF25618C9400761587 /* MCListDetailRouter.swift */ = {isa = PBXFileReference; lastKnownFileType = sourcecode.swift; path = MCListDetailRouter.swift; sourceTree = "<group>"; };
		A0BAB60425618C9F00761587 /* MCListDetailInteractor.swift */ = {isa = PBXFileReference; lastKnownFileType = sourcecode.swift; path = MCListDetailInteractor.swift; sourceTree = "<group>"; };
		A0BAB60925618CAA00761587 /* MCListDetailPresenter.swift */ = {isa = PBXFileReference; lastKnownFileType = sourcecode.swift; path = MCListDetailPresenter.swift; sourceTree = "<group>"; };
		A0BAB60E2561931800761587 /* MCListDetailViewController+UITableView.swift */ = {isa = PBXFileReference; lastKnownFileType = sourcecode.swift; path = "MCListDetailViewController+UITableView.swift"; sourceTree = "<group>"; };
		A0BAB61725627FF800761587 /* MCListViewPresenterMock.swift */ = {isa = PBXFileReference; lastKnownFileType = sourcecode.swift; path = MCListViewPresenterMock.swift; sourceTree = "<group>"; };
		A0BAB61F2562800800761587 /* MCListViewControllerMock.swift */ = {isa = PBXFileReference; lastKnownFileType = sourcecode.swift; path = MCListViewControllerMock.swift; sourceTree = "<group>"; };
		A0BAB6242562801300761587 /* MCListViewControllerTests.swift */ = {isa = PBXFileReference; lastKnownFileType = sourcecode.swift; path = MCListViewControllerTests.swift; sourceTree = "<group>"; };
		A0BAB6292562813E00761587 /* MCListRouterMock.swift */ = {isa = PBXFileReference; lastKnownFileType = sourcecode.swift; path = MCListRouterMock.swift; sourceTree = "<group>"; };
		A0BAB631256283B800761587 /* MCListInteractorMock.swift */ = {isa = PBXFileReference; lastKnownFileType = sourcecode.swift; path = MCListInteractorMock.swift; sourceTree = "<group>"; };
		A0BAB6392562844C00761587 /* MCListrepositoryMock.swift */ = {isa = PBXFileReference; lastKnownFileType = sourcecode.swift; path = MCListrepositoryMock.swift; sourceTree = "<group>"; };
		C9D0D4E523094BCA852B7DAE /* Pods-MarvelCharactersList.release.xcconfig */ = {isa = PBXFileReference; includeInIndex = 1; lastKnownFileType = text.xcconfig; name = "Pods-MarvelCharactersList.release.xcconfig"; path = "Target Support Files/Pods-MarvelCharactersList/Pods-MarvelCharactersList.release.xcconfig"; sourceTree = "<group>"; };
		DEE6EEE33785532B3EFE3EA0 /* Pods_MarvelCharactersList.framework */ = {isa = PBXFileReference; explicitFileType = wrapper.framework; includeInIndex = 0; path = Pods_MarvelCharactersList.framework; sourceTree = BUILT_PRODUCTS_DIR; };
		E5A692976339A1908334B2CC /* Pods-MarvelCharactersListTests.debug.xcconfig */ = {isa = PBXFileReference; includeInIndex = 1; lastKnownFileType = text.xcconfig; name = "Pods-MarvelCharactersListTests.debug.xcconfig"; path = "Target Support Files/Pods-MarvelCharactersListTests/Pods-MarvelCharactersListTests.debug.xcconfig"; sourceTree = "<group>"; };
/* End PBXFileReference section */

/* Begin PBXFrameworksBuildPhase section */
		A0872EED256120050031B802 /* Frameworks */ = {
			isa = PBXFrameworksBuildPhase;
			buildActionMask = 2147483647;
			files = (
				97C2C0E3663D504F8BFF2402 /* Pods_MarvelCharactersList.framework in Frameworks */,
			);
			runOnlyForDeploymentPostprocessing = 0;
		};
		A0872F03256120070031B802 /* Frameworks */ = {
			isa = PBXFrameworksBuildPhase;
			buildActionMask = 2147483647;
			files = (
				A7E61FB7007EBF8C03304461 /* Pods_MarvelCharactersListTests.framework in Frameworks */,
			);
			runOnlyForDeploymentPostprocessing = 0;
		};
		A0872F0E256120070031B802 /* Frameworks */ = {
			isa = PBXFrameworksBuildPhase;
			buildActionMask = 2147483647;
			files = (
				B9A5B066D01C60C65AFE51C8 /* Pods_MarvelCharactersList_MarvelCharactersListUITests.framework in Frameworks */,
			);
			runOnlyForDeploymentPostprocessing = 0;
		};
/* End PBXFrameworksBuildPhase section */

/* Begin PBXGroup section */
		A0872EE7256120050031B802 = {
			isa = PBXGroup;
			children = (
				A0872EF2256120050031B802 /* MarvelCharactersList */,
				A0872F09256120070031B802 /* MarvelCharactersListTests */,
				A0872F14256120070031B802 /* MarvelCharactersListUITests */,
				A0872EF1256120050031B802 /* Products */,
				B4E1AD11BE173595CAD73930 /* Pods */,
				B1FDBBA68B96BE7D449E5C19 /* Frameworks */,
			);
			sourceTree = "<group>";
		};
		A0872EF1256120050031B802 /* Products */ = {
			isa = PBXGroup;
			children = (
				A0872EF0256120050031B802 /* MarvelCharactersList.app */,
				A0872F06256120070031B802 /* MarvelCharactersListTests.xctest */,
				A0872F11256120070031B802 /* MarvelCharactersListUITests.xctest */,
			);
			name = Products;
			sourceTree = "<group>";
		};
		A0872EF2256120050031B802 /* MarvelCharactersList */ = {
			isa = PBXGroup;
			children = (
				A0BAB5C325614CFE00761587 /* Models */,
				A0BAB5B525614A5500761587 /* Utils */,
				A0872F8625612B380031B802 /* Repository */,
				A0872F33256125260031B802 /* Delegates */,
				A0872F32256125070031B802 /* Resources */,
				A0872F2C256124D80031B802 /* Section */,
			);
			path = MarvelCharactersList;
			sourceTree = "<group>";
		};
		A0872F09256120070031B802 /* MarvelCharactersListTests */ = {
			isa = PBXGroup;
			children = (
				A0BAB61625627FB900761587 /* List */,
				A0872F0A256120070031B802 /* MarvelCharactersListTests.swift */,
				A0872F0C256120070031B802 /* Info.plist */,
				A0BAB6392562844C00761587 /* MCListrepositoryMock.swift */,
			);
			path = MarvelCharactersListTests;
			sourceTree = "<group>";
		};
		A0872F14256120070031B802 /* MarvelCharactersListUITests */ = {
			isa = PBXGroup;
			children = (
				A0872F15256120070031B802 /* MarvelCharactersListUITests.swift */,
				A0872F17256120070031B802 /* Info.plist */,
			);
			path = MarvelCharactersListUITests;
			sourceTree = "<group>";
		};
		A0872F2C256124D80031B802 /* Section */ = {
			isa = PBXGroup;
			children = (
				A0872F2E256124EB0031B802 /* Detail */,
				A0872F2D256124E40031B802 /* List */,
			);
			path = Section;
			sourceTree = "<group>";
		};
		A0872F2D256124E40031B802 /* List */ = {
			isa = PBXGroup;
			children = (
				A0BAB5D12561754600761587 /* Cells */,
				A0872F49256127040031B802 /* MCListViewController.swift */,
				A0872F71256129F30031B802 /* MCListRouter.swift */,
				A0872F76256129FF0031B802 /* MCListInteractor.swift */,
				A0872F7B25612A0F0031B802 /* MCListPresenter.swift */,
				A0BAB5CC25616A2200761587 /* MCListViewController+UITableView.swift */,
			);
			path = List;
			sourceTree = "<group>";
		};
		A0872F2E256124EB0031B802 /* Detail */ = {
			isa = PBXGroup;
			children = (
				A0872F50256127270031B802 /* MCListDetailViewController.swift */,
				A0BAB5FF25618C9400761587 /* MCListDetailRouter.swift */,
				A0BAB60425618C9F00761587 /* MCListDetailInteractor.swift */,
				A0BAB60925618CAA00761587 /* MCListDetailPresenter.swift */,
				A0BAB60E2561931800761587 /* MCListDetailViewController+UITableView.swift */,
			);
			path = Detail;
			sourceTree = "<group>";
		};
		A0872F32256125070031B802 /* Resources */ = {
			isa = PBXGroup;
			children = (
				A0872F01256120060031B802 /* Info.plist */,
				A0872F342561253B0031B802 /* StoryBoards */,
				A0872EFC256120060031B802 /* Assets.xcassets */,
			);
			path = Resources;
			sourceTree = "<group>";
		};
		A0872F33256125260031B802 /* Delegates */ = {
			isa = PBXGroup;
			children = (
				A0872EF3256120050031B802 /* AppDelegate.swift */,
				A0872EF5256120050031B802 /* SceneDelegate.swift */,
			);
			path = Delegates;
			sourceTree = "<group>";
		};
		A0872F342561253B0031B802 /* StoryBoards */ = {
			isa = PBXGroup;
			children = (
				A0872F69256129700031B802 /* MCListViewController.storyboard */,
				A0872EFE256120060031B802 /* LaunchScreen.storyboard */,
				A0BAB5FA25618BE600761587 /* MCListDetailViewController.storyboard */,
			);
			path = StoryBoards;
			sourceTree = "<group>";
		};
		A0872F8625612B380031B802 /* Repository */ = {
			isa = PBXGroup;
			children = (
				A0872F8A25612CBF0031B802 /* MCListRepository.swift */,
			);
			path = Repository;
			sourceTree = "<group>";
		};
		A0BAB5B525614A5500761587 /* Utils */ = {
			isa = PBXGroup;
			children = (
				A0BAB5BE25614A9900761587 /* String+Extension.swift */,
				A0BAB5D9256176E000761587 /* UITableViewCell+Extension.swift */,
				A0BAB5E5256178EE00761587 /* UIImageView+Extension.swift */,
			);
			path = Utils;
			sourceTree = "<group>";
		};
		A0BAB5C325614CFE00761587 /* Models */ = {
			isa = PBXGroup;
			children = (
				A0BAB5C425614D1900761587 /* MCListCharactersResponse.swift */,
			);
			path = Models;
			sourceTree = "<group>";
		};
		A0BAB5D12561754600761587 /* Cells */ = {
			isa = PBXGroup;
			children = (
				A0BAB5D22561758100761587 /* MCListCell.swift */,
				A0BAB5D32561758100761587 /* MCListCell.xib */,
			);
			path = Cells;
			sourceTree = "<group>";
		};
		A0BAB61625627FB900761587 /* List */ = {
			isa = PBXGroup;
			children = (
				A0BAB61725627FF800761587 /* MCListViewPresenterMock.swift */,
				A0BAB631256283B800761587 /* MCListInteractorMock.swift */,
				A0BAB6292562813E00761587 /* MCListRouterMock.swift */,
				A0BAB61F2562800800761587 /* MCListViewControllerMock.swift */,
				A0BAB6242562801300761587 /* MCListViewControllerTests.swift */,
			);
			path = List;
			sourceTree = "<group>";
		};
		B1FDBBA68B96BE7D449E5C19 /* Frameworks */ = {
			isa = PBXGroup;
			children = (
				DEE6EEE33785532B3EFE3EA0 /* Pods_MarvelCharactersList.framework */,
				2BBE9901AD514FBB98F6B329 /* Pods_MarvelCharactersList_MarvelCharactersListUITests.framework */,
				5AAB1B2C0868012D8AA77982 /* Pods_MarvelCharactersListTests.framework */,
			);
			name = Frameworks;
			sourceTree = "<group>";
		};
		B4E1AD11BE173595CAD73930 /* Pods */ = {
			isa = PBXGroup;
			children = (
				8E273EF652FBD260737D969E /* Pods-MarvelCharactersList.debug.xcconfig */,
				C9D0D4E523094BCA852B7DAE /* Pods-MarvelCharactersList.release.xcconfig */,
				95E3C9026086584FD54B10AB /* Pods-MarvelCharactersList-MarvelCharactersListUITests.debug.xcconfig */,
				9920D261B83D007FEBFF9F02 /* Pods-MarvelCharactersList-MarvelCharactersListUITests.release.xcconfig */,
				E5A692976339A1908334B2CC /* Pods-MarvelCharactersListTests.debug.xcconfig */,
				6F8A80304145ABE9C725E50F /* Pods-MarvelCharactersListTests.release.xcconfig */,
			);
			path = Pods;
			sourceTree = "<group>";
		};
/* End PBXGroup section */

/* Begin PBXNativeTarget section */
		A0872EEF256120050031B802 /* MarvelCharactersList */ = {
			isa = PBXNativeTarget;
			buildConfigurationList = A0872F1A256120070031B802 /* Build configuration list for PBXNativeTarget "MarvelCharactersList" */;
			buildPhases = (
				37AB95A7DF6AF0D3A8E49E51 /* [CP] Check Pods Manifest.lock */,
				A0872EEC256120050031B802 /* Sources */,
				A0872EED256120050031B802 /* Frameworks */,
				A0872EEE256120050031B802 /* Resources */,
				D305C56948410F6E4F1B6BAF /* [CP] Embed Pods Frameworks */,
			);
			buildRules = (
			);
			dependencies = (
			);
			name = MarvelCharactersList;
			productName = MarvelCharactersList;
			productReference = A0872EF0256120050031B802 /* MarvelCharactersList.app */;
			productType = "com.apple.product-type.application";
		};
		A0872F05256120070031B802 /* MarvelCharactersListTests */ = {
			isa = PBXNativeTarget;
			buildConfigurationList = A0872F1D256120070031B802 /* Build configuration list for PBXNativeTarget "MarvelCharactersListTests" */;
			buildPhases = (
				2B3072B17058EFCC9043F50A /* [CP] Check Pods Manifest.lock */,
				A0872F02256120070031B802 /* Sources */,
				A0872F03256120070031B802 /* Frameworks */,
				A0872F04256120070031B802 /* Resources */,
			);
			buildRules = (
			);
			dependencies = (
				A0872F08256120070031B802 /* PBXTargetDependency */,
			);
			name = MarvelCharactersListTests;
			productName = MarvelCharactersListTests;
			productReference = A0872F06256120070031B802 /* MarvelCharactersListTests.xctest */;
			productType = "com.apple.product-type.bundle.unit-test";
		};
		A0872F10256120070031B802 /* MarvelCharactersListUITests */ = {
			isa = PBXNativeTarget;
			buildConfigurationList = A0872F20256120070031B802 /* Build configuration list for PBXNativeTarget "MarvelCharactersListUITests" */;
			buildPhases = (
				B83824C2069BF107867426F5 /* [CP] Check Pods Manifest.lock */,
				A0872F0D256120070031B802 /* Sources */,
				A0872F0E256120070031B802 /* Frameworks */,
				A0872F0F256120070031B802 /* Resources */,
				685FDF084047BDC99E9B2EF6 /* [CP] Embed Pods Frameworks */,
			);
			buildRules = (
			);
			dependencies = (
				A0872F13256120070031B802 /* PBXTargetDependency */,
			);
			name = MarvelCharactersListUITests;
			productName = MarvelCharactersListUITests;
			productReference = A0872F11256120070031B802 /* MarvelCharactersListUITests.xctest */;
			productType = "com.apple.product-type.bundle.ui-testing";
		};
/* End PBXNativeTarget section */

/* Begin PBXProject section */
		A0872EE8256120050031B802 /* Project object */ = {
			isa = PBXProject;
			attributes = {
				LastSwiftUpdateCheck = 1210;
				LastUpgradeCheck = 1210;
				TargetAttributes = {
					A0872EEF256120050031B802 = {
						CreatedOnToolsVersion = 12.1;
					};
					A0872F05256120070031B802 = {
						CreatedOnToolsVersion = 12.1;
						TestTargetID = A0872EEF256120050031B802;
					};
					A0872F10256120070031B802 = {
						CreatedOnToolsVersion = 12.1;
						TestTargetID = A0872EEF256120050031B802;
					};
				};
			};
			buildConfigurationList = A0872EEB256120050031B802 /* Build configuration list for PBXProject "MarvelCharactersList" */;
			compatibilityVersion = "Xcode 9.3";
			developmentRegion = en;
			hasScannedForEncodings = 0;
			knownRegions = (
				en,
				Base,
			);
			mainGroup = A0872EE7256120050031B802;
			productRefGroup = A0872EF1256120050031B802 /* Products */;
			projectDirPath = "";
			projectRoot = "";
			targets = (
				A0872EEF256120050031B802 /* MarvelCharactersList */,
				A0872F05256120070031B802 /* MarvelCharactersListTests */,
				A0872F10256120070031B802 /* MarvelCharactersListUITests */,
			);
		};
/* End PBXProject section */

/* Begin PBXResourcesBuildPhase section */
		A0872EEE256120050031B802 /* Resources */ = {
			isa = PBXResourcesBuildPhase;
			buildActionMask = 2147483647;
			files = (
				A0BAB5FB25618BE600761587 /* MCListDetailViewController.storyboard in Resources */,
				A0872F6A256129700031B802 /* MCListViewController.storyboard in Resources */,
				A0872F00256120060031B802 /* LaunchScreen.storyboard in Resources */,
				A0872EFD256120060031B802 /* Assets.xcassets in Resources */,
				A0BAB5D52561758100761587 /* MCListCell.xib in Resources */,
			);
			runOnlyForDeploymentPostprocessing = 0;
		};
		A0872F04256120070031B802 /* Resources */ = {
			isa = PBXResourcesBuildPhase;
			buildActionMask = 2147483647;
			files = (
			);
			runOnlyForDeploymentPostprocessing = 0;
		};
		A0872F0F256120070031B802 /* Resources */ = {
			isa = PBXResourcesBuildPhase;
			buildActionMask = 2147483647;
			files = (
			);
			runOnlyForDeploymentPostprocessing = 0;
		};
/* End PBXResourcesBuildPhase section */

/* Begin PBXShellScriptBuildPhase section */
		2B3072B17058EFCC9043F50A /* [CP] Check Pods Manifest.lock */ = {
			isa = PBXShellScriptBuildPhase;
			buildActionMask = 2147483647;
			files = (
			);
			inputFileListPaths = (
			);
			inputPaths = (
				"${PODS_PODFILE_DIR_PATH}/Podfile.lock",
				"${PODS_ROOT}/Manifest.lock",
			);
			name = "[CP] Check Pods Manifest.lock";
			outputFileListPaths = (
			);
			outputPaths = (
				"$(DERIVED_FILE_DIR)/Pods-MarvelCharactersListTests-checkManifestLockResult.txt",
			);
			runOnlyForDeploymentPostprocessing = 0;
			shellPath = /bin/sh;
			shellScript = "diff \"${PODS_PODFILE_DIR_PATH}/Podfile.lock\" \"${PODS_ROOT}/Manifest.lock\" > /dev/null\nif [ $? != 0 ] ; then\n    # print error to STDERR\n    echo \"error: The sandbox is not in sync with the Podfile.lock. Run 'pod install' or update your CocoaPods installation.\" >&2\n    exit 1\nfi\n# This output is used by Xcode 'outputs' to avoid re-running this script phase.\necho \"SUCCESS\" > \"${SCRIPT_OUTPUT_FILE_0}\"\n";
			showEnvVarsInLog = 0;
		};
		37AB95A7DF6AF0D3A8E49E51 /* [CP] Check Pods Manifest.lock */ = {
			isa = PBXShellScriptBuildPhase;
			buildActionMask = 2147483647;
			files = (
			);
			inputFileListPaths = (
			);
			inputPaths = (
				"${PODS_PODFILE_DIR_PATH}/Podfile.lock",
				"${PODS_ROOT}/Manifest.lock",
			);
			name = "[CP] Check Pods Manifest.lock";
			outputFileListPaths = (
			);
			outputPaths = (
				"$(DERIVED_FILE_DIR)/Pods-MarvelCharactersList-checkManifestLockResult.txt",
			);
			runOnlyForDeploymentPostprocessing = 0;
			shellPath = /bin/sh;
			shellScript = "diff \"${PODS_PODFILE_DIR_PATH}/Podfile.lock\" \"${PODS_ROOT}/Manifest.lock\" > /dev/null\nif [ $? != 0 ] ; then\n    # print error to STDERR\n    echo \"error: The sandbox is not in sync with the Podfile.lock. Run 'pod install' or update your CocoaPods installation.\" >&2\n    exit 1\nfi\n# This output is used by Xcode 'outputs' to avoid re-running this script phase.\necho \"SUCCESS\" > \"${SCRIPT_OUTPUT_FILE_0}\"\n";
			showEnvVarsInLog = 0;
		};
		685FDF084047BDC99E9B2EF6 /* [CP] Embed Pods Frameworks */ = {
			isa = PBXShellScriptBuildPhase;
			buildActionMask = 2147483647;
			files = (
			);
			inputFileListPaths = (
				"${PODS_ROOT}/Target Support Files/Pods-MarvelCharactersList-MarvelCharactersListUITests/Pods-MarvelCharactersList-MarvelCharactersListUITests-frameworks-${CONFIGURATION}-input-files.xcfilelist",
			);
			name = "[CP] Embed Pods Frameworks";
			outputFileListPaths = (
				"${PODS_ROOT}/Target Support Files/Pods-MarvelCharactersList-MarvelCharactersListUITests/Pods-MarvelCharactersList-MarvelCharactersListUITests-frameworks-${CONFIGURATION}-output-files.xcfilelist",
			);
			runOnlyForDeploymentPostprocessing = 0;
			shellPath = /bin/sh;
			shellScript = "\"${PODS_ROOT}/Target Support Files/Pods-MarvelCharactersList-MarvelCharactersListUITests/Pods-MarvelCharactersList-MarvelCharactersListUITests-frameworks.sh\"\n";
			showEnvVarsInLog = 0;
		};
		B83824C2069BF107867426F5 /* [CP] Check Pods Manifest.lock */ = {
			isa = PBXShellScriptBuildPhase;
			buildActionMask = 2147483647;
			files = (
			);
			inputFileListPaths = (
			);
			inputPaths = (
				"${PODS_PODFILE_DIR_PATH}/Podfile.lock",
				"${PODS_ROOT}/Manifest.lock",
			);
			name = "[CP] Check Pods Manifest.lock";
			outputFileListPaths = (
			);
			outputPaths = (
				"$(DERIVED_FILE_DIR)/Pods-MarvelCharactersList-MarvelCharactersListUITests-checkManifestLockResult.txt",
			);
			runOnlyForDeploymentPostprocessing = 0;
			shellPath = /bin/sh;
			shellScript = "diff \"${PODS_PODFILE_DIR_PATH}/Podfile.lock\" \"${PODS_ROOT}/Manifest.lock\" > /dev/null\nif [ $? != 0 ] ; then\n    # print error to STDERR\n    echo \"error: The sandbox is not in sync with the Podfile.lock. Run 'pod install' or update your CocoaPods installation.\" >&2\n    exit 1\nfi\n# This output is used by Xcode 'outputs' to avoid re-running this script phase.\necho \"SUCCESS\" > \"${SCRIPT_OUTPUT_FILE_0}\"\n";
			showEnvVarsInLog = 0;
		};
		D305C56948410F6E4F1B6BAF /* [CP] Embed Pods Frameworks */ = {
			isa = PBXShellScriptBuildPhase;
			buildActionMask = 2147483647;
			files = (
			);
			inputFileListPaths = (
				"${PODS_ROOT}/Target Support Files/Pods-MarvelCharactersList/Pods-MarvelCharactersList-frameworks-${CONFIGURATION}-input-files.xcfilelist",
			);
			name = "[CP] Embed Pods Frameworks";
			outputFileListPaths = (
				"${PODS_ROOT}/Target Support Files/Pods-MarvelCharactersList/Pods-MarvelCharactersList-frameworks-${CONFIGURATION}-output-files.xcfilelist",
			);
			runOnlyForDeploymentPostprocessing = 0;
			shellPath = /bin/sh;
			shellScript = "\"${PODS_ROOT}/Target Support Files/Pods-MarvelCharactersList/Pods-MarvelCharactersList-frameworks.sh\"\n";
			showEnvVarsInLog = 0;
		};
/* End PBXShellScriptBuildPhase section */

/* Begin PBXSourcesBuildPhase section */
		A0872EEC256120050031B802 /* Sources */ = {
			isa = PBXSourcesBuildPhase;
			buildActionMask = 2147483647;
			files = (
				A0BAB5C525614D1900761587 /* MCListCharactersResponse.swift in Sources */,
				A0BAB60525618C9F00761587 /* MCListDetailInteractor.swift in Sources */,
				A0872F4B256127040031B802 /* MCListViewController.swift in Sources */,
				A0BAB5E6256178EE00761587 /* UIImageView+Extension.swift in Sources */,
				A0BAB5BF25614A9900761587 /* String+Extension.swift in Sources */,
				A0BAB5DA256176E000761587 /* UITableViewCell+Extension.swift in Sources */,
				A0872F72256129F30031B802 /* MCListRouter.swift in Sources */,
				A0BAB60F2561931800761587 /* MCListDetailViewController+UITableView.swift in Sources */,
				A0BAB60025618C9400761587 /* MCListDetailRouter.swift in Sources */,
				A0872F7C25612A0F0031B802 /* MCListPresenter.swift in Sources */,
				A0872F77256129FF0031B802 /* MCListInteractor.swift in Sources */,
				A0BAB60A25618CAA00761587 /* MCListDetailPresenter.swift in Sources */,
				A0BAB5CD25616A2200761587 /* MCListViewController+UITableView.swift in Sources */,
				A0872EF4256120050031B802 /* AppDelegate.swift in Sources */,
				A0872F8B25612CBF0031B802 /* MCListRepository.swift in Sources */,
				A0872EF6256120050031B802 /* SceneDelegate.swift in Sources */,
				A0872F52256127270031B802 /* MCListDetailViewController.swift in Sources */,
				A0BAB5D42561758100761587 /* MCListCell.swift in Sources */,
			);
			runOnlyForDeploymentPostprocessing = 0;
		};
		A0872F02256120070031B802 /* Sources */ = {
			isa = PBXSourcesBuildPhase;
			buildActionMask = 2147483647;
			files = (
				A0BAB632256283B800761587 /* MCListInteractorMock.swift in Sources */,
				A0BAB6252562801300761587 /* MCListViewControllerTests.swift in Sources */,
				A0BAB6202562800800761587 /* MCListViewControllerMock.swift in Sources */,
				A0BAB62A2562813E00761587 /* MCListRouterMock.swift in Sources */,
				A0BAB63A2562844C00761587 /* MCListrepositoryMock.swift in Sources */,
				A0872F0B256120070031B802 /* MarvelCharactersListTests.swift in Sources */,
				A0BAB61825627FF800761587 /* MCListViewPresenterMock.swift in Sources */,
			);
			runOnlyForDeploymentPostprocessing = 0;
		};
		A0872F0D256120070031B802 /* Sources */ = {
			isa = PBXSourcesBuildPhase;
			buildActionMask = 2147483647;
			files = (
				A0872F16256120070031B802 /* MarvelCharactersListUITests.swift in Sources */,
			);
			runOnlyForDeploymentPostprocessing = 0;
		};
/* End PBXSourcesBuildPhase section */

/* Begin PBXTargetDependency section */
		A0872F08256120070031B802 /* PBXTargetDependency */ = {
			isa = PBXTargetDependency;
			target = A0872EEF256120050031B802 /* MarvelCharactersList */;
			targetProxy = A0872F07256120070031B802 /* PBXContainerItemProxy */;
		};
		A0872F13256120070031B802 /* PBXTargetDependency */ = {
			isa = PBXTargetDependency;
			target = A0872EEF256120050031B802 /* MarvelCharactersList */;
			targetProxy = A0872F12256120070031B802 /* PBXContainerItemProxy */;
		};
/* End PBXTargetDependency section */

/* Begin PBXVariantGroup section */
		A0872EFE256120060031B802 /* LaunchScreen.storyboard */ = {
			isa = PBXVariantGroup;
			children = (
				A0872EFF256120060031B802 /* Base */,
			);
			name = LaunchScreen.storyboard;
			sourceTree = "<group>";
		};
/* End PBXVariantGroup section */

/* Begin XCBuildConfiguration section */
		A0872F18256120070031B802 /* Debug */ = {
			isa = XCBuildConfiguration;
			buildSettings = {
				ALWAYS_SEARCH_USER_PATHS = NO;
				CLANG_ANALYZER_NONNULL = YES;
				CLANG_ANALYZER_NUMBER_OBJECT_CONVERSION = YES_AGGRESSIVE;
				CLANG_CXX_LANGUAGE_STANDARD = "gnu++14";
				CLANG_CXX_LIBRARY = "libc++";
				CLANG_ENABLE_MODULES = YES;
				CLANG_ENABLE_OBJC_ARC = YES;
				CLANG_ENABLE_OBJC_WEAK = YES;
				CLANG_WARN_BLOCK_CAPTURE_AUTORELEASING = YES;
				CLANG_WARN_BOOL_CONVERSION = YES;
				CLANG_WARN_COMMA = YES;
				CLANG_WARN_CONSTANT_CONVERSION = YES;
				CLANG_WARN_DEPRECATED_OBJC_IMPLEMENTATIONS = YES;
				CLANG_WARN_DIRECT_OBJC_ISA_USAGE = YES_ERROR;
				CLANG_WARN_DOCUMENTATION_COMMENTS = YES;
				CLANG_WARN_EMPTY_BODY = YES;
				CLANG_WARN_ENUM_CONVERSION = YES;
				CLANG_WARN_INFINITE_RECURSION = YES;
				CLANG_WARN_INT_CONVERSION = YES;
				CLANG_WARN_NON_LITERAL_NULL_CONVERSION = YES;
				CLANG_WARN_OBJC_IMPLICIT_RETAIN_SELF = YES;
				CLANG_WARN_OBJC_LITERAL_CONVERSION = YES;
				CLANG_WARN_OBJC_ROOT_CLASS = YES_ERROR;
				CLANG_WARN_QUOTED_INCLUDE_IN_FRAMEWORK_HEADER = YES;
				CLANG_WARN_RANGE_LOOP_ANALYSIS = YES;
				CLANG_WARN_STRICT_PROTOTYPES = YES;
				CLANG_WARN_SUSPICIOUS_MOVE = YES;
				CLANG_WARN_UNGUARDED_AVAILABILITY = YES_AGGRESSIVE;
				CLANG_WARN_UNREACHABLE_CODE = YES;
				CLANG_WARN__DUPLICATE_METHOD_MATCH = YES;
				COPY_PHASE_STRIP = NO;
				DEBUG_INFORMATION_FORMAT = dwarf;
				ENABLE_STRICT_OBJC_MSGSEND = YES;
				ENABLE_TESTABILITY = YES;
				GCC_C_LANGUAGE_STANDARD = gnu11;
				GCC_DYNAMIC_NO_PIC = NO;
				GCC_NO_COMMON_BLOCKS = YES;
				GCC_OPTIMIZATION_LEVEL = 0;
				GCC_PREPROCESSOR_DEFINITIONS = (
					"DEBUG=1",
					"$(inherited)",
				);
				GCC_WARN_64_TO_32_BIT_CONVERSION = YES;
				GCC_WARN_ABOUT_RETURN_TYPE = YES_ERROR;
				GCC_WARN_UNDECLARED_SELECTOR = YES;
				GCC_WARN_UNINITIALIZED_AUTOS = YES_AGGRESSIVE;
				GCC_WARN_UNUSED_FUNCTION = YES;
				GCC_WARN_UNUSED_VARIABLE = YES;
				IPHONEOS_DEPLOYMENT_TARGET = 14.1;
				MTL_ENABLE_DEBUG_INFO = INCLUDE_SOURCE;
				MTL_FAST_MATH = YES;
				ONLY_ACTIVE_ARCH = YES;
				SDKROOT = iphoneos;
				SWIFT_ACTIVE_COMPILATION_CONDITIONS = DEBUG;
				SWIFT_OPTIMIZATION_LEVEL = "-Onone";
			};
			name = Debug;
		};
		A0872F19256120070031B802 /* Release */ = {
			isa = XCBuildConfiguration;
			buildSettings = {
				ALWAYS_SEARCH_USER_PATHS = NO;
				CLANG_ANALYZER_NONNULL = YES;
				CLANG_ANALYZER_NUMBER_OBJECT_CONVERSION = YES_AGGRESSIVE;
				CLANG_CXX_LANGUAGE_STANDARD = "gnu++14";
				CLANG_CXX_LIBRARY = "libc++";
				CLANG_ENABLE_MODULES = YES;
				CLANG_ENABLE_OBJC_ARC = YES;
				CLANG_ENABLE_OBJC_WEAK = YES;
				CLANG_WARN_BLOCK_CAPTURE_AUTORELEASING = YES;
				CLANG_WARN_BOOL_CONVERSION = YES;
				CLANG_WARN_COMMA = YES;
				CLANG_WARN_CONSTANT_CONVERSION = YES;
				CLANG_WARN_DEPRECATED_OBJC_IMPLEMENTATIONS = YES;
				CLANG_WARN_DIRECT_OBJC_ISA_USAGE = YES_ERROR;
				CLANG_WARN_DOCUMENTATION_COMMENTS = YES;
				CLANG_WARN_EMPTY_BODY = YES;
				CLANG_WARN_ENUM_CONVERSION = YES;
				CLANG_WARN_INFINITE_RECURSION = YES;
				CLANG_WARN_INT_CONVERSION = YES;
				CLANG_WARN_NON_LITERAL_NULL_CONVERSION = YES;
				CLANG_WARN_OBJC_IMPLICIT_RETAIN_SELF = YES;
				CLANG_WARN_OBJC_LITERAL_CONVERSION = YES;
				CLANG_WARN_OBJC_ROOT_CLASS = YES_ERROR;
				CLANG_WARN_QUOTED_INCLUDE_IN_FRAMEWORK_HEADER = YES;
				CLANG_WARN_RANGE_LOOP_ANALYSIS = YES;
				CLANG_WARN_STRICT_PROTOTYPES = YES;
				CLANG_WARN_SUSPICIOUS_MOVE = YES;
				CLANG_WARN_UNGUARDED_AVAILABILITY = YES_AGGRESSIVE;
				CLANG_WARN_UNREACHABLE_CODE = YES;
				CLANG_WARN__DUPLICATE_METHOD_MATCH = YES;
				COPY_PHASE_STRIP = NO;
				DEBUG_INFORMATION_FORMAT = "dwarf-with-dsym";
				ENABLE_NS_ASSERTIONS = NO;
				ENABLE_STRICT_OBJC_MSGSEND = YES;
				GCC_C_LANGUAGE_STANDARD = gnu11;
				GCC_NO_COMMON_BLOCKS = YES;
				GCC_WARN_64_TO_32_BIT_CONVERSION = YES;
				GCC_WARN_ABOUT_RETURN_TYPE = YES_ERROR;
				GCC_WARN_UNDECLARED_SELECTOR = YES;
				GCC_WARN_UNINITIALIZED_AUTOS = YES_AGGRESSIVE;
				GCC_WARN_UNUSED_FUNCTION = YES;
				GCC_WARN_UNUSED_VARIABLE = YES;
				IPHONEOS_DEPLOYMENT_TARGET = 14.1;
				MTL_ENABLE_DEBUG_INFO = NO;
				MTL_FAST_MATH = YES;
				SDKROOT = iphoneos;
				SWIFT_COMPILATION_MODE = wholemodule;
				SWIFT_OPTIMIZATION_LEVEL = "-O";
				VALIDATE_PRODUCT = YES;
			};
			name = Release;
		};
		A0872F1B256120070031B802 /* Debug */ = {
			isa = XCBuildConfiguration;
			baseConfigurationReference = 8E273EF652FBD260737D969E /* Pods-MarvelCharactersList.debug.xcconfig */;
			buildSettings = {
				ASSETCATALOG_COMPILER_APPICON_NAME = AppIcon;
				ASSETCATALOG_COMPILER_GLOBAL_ACCENT_COLOR_NAME = AccentColor;
				CODE_SIGN_STYLE = Automatic;
				DEVELOPMENT_TEAM = QBYF67CS24;
				INFOPLIST_FILE = MarvelCharactersList/Resources/Info.plist;
				LD_RUNPATH_SEARCH_PATHS = (
					"$(inherited)",
					"@executable_path/Frameworks",
				);
				PRODUCT_BUNDLE_IDENTIFIER = com.hernan.MarvelCharactersList;
				PRODUCT_NAME = "$(TARGET_NAME)";
				SWIFT_VERSION = 5.0;
				TARGETED_DEVICE_FAMILY = 1;
			};
			name = Debug;
		};
		A0872F1C256120070031B802 /* Release */ = {
			isa = XCBuildConfiguration;
			baseConfigurationReference = C9D0D4E523094BCA852B7DAE /* Pods-MarvelCharactersList.release.xcconfig */;
			buildSettings = {
				ASSETCATALOG_COMPILER_APPICON_NAME = AppIcon;
				ASSETCATALOG_COMPILER_GLOBAL_ACCENT_COLOR_NAME = AccentColor;
				CODE_SIGN_STYLE = Automatic;
				DEVELOPMENT_TEAM = QBYF67CS24;
				INFOPLIST_FILE = MarvelCharactersList/Resources/Info.plist;
				LD_RUNPATH_SEARCH_PATHS = (
					"$(inherited)",
					"@executable_path/Frameworks",
				);
				PRODUCT_BUNDLE_IDENTIFIER = com.hernan.MarvelCharactersList;
				PRODUCT_NAME = "$(TARGET_NAME)";
				SWIFT_VERSION = 5.0;
				TARGETED_DEVICE_FAMILY = 1;
			};
			name = Release;
		};
		A0872F1E256120070031B802 /* Debug */ = {
			isa = XCBuildConfiguration;
			baseConfigurationReference = E5A692976339A1908334B2CC /* Pods-MarvelCharactersListTests.debug.xcconfig */;
			buildSettings = {
				ALWAYS_EMBED_SWIFT_STANDARD_LIBRARIES = YES;
				BUNDLE_LOADER = "$(TEST_HOST)";
				CODE_SIGN_STYLE = Automatic;
				DEVELOPMENT_TEAM = QBYF67CS24;
				INFOPLIST_FILE = MarvelCharactersListTests/Info.plist;
				IPHONEOS_DEPLOYMENT_TARGET = 14.1;
				LD_RUNPATH_SEARCH_PATHS = (
					"$(inherited)",
					"@executable_path/Frameworks",
					"@loader_path/Frameworks",
				);
				PRODUCT_BUNDLE_IDENTIFIER = com.hernan.MarvelCharactersListTests;
				PRODUCT_NAME = "$(TARGET_NAME)";
				SWIFT_VERSION = 5.0;
				TARGETED_DEVICE_FAMILY = "1,2";
				TEST_HOST = "$(BUILT_PRODUCTS_DIR)/MarvelCharactersList.app/MarvelCharactersList";
			};
			name = Debug;
		};
		A0872F1F256120070031B802 /* Release */ = {
			isa = XCBuildConfiguration;
			baseConfigurationReference = 6F8A80304145ABE9C725E50F /* Pods-MarvelCharactersListTests.release.xcconfig */;
			buildSettings = {
				ALWAYS_EMBED_SWIFT_STANDARD_LIBRARIES = YES;
				BUNDLE_LOADER = "$(TEST_HOST)";
				CODE_SIGN_STYLE = Automatic;
				DEVELOPMENT_TEAM = QBYF67CS24;
				INFOPLIST_FILE = MarvelCharactersListTests/Info.plist;
				IPHONEOS_DEPLOYMENT_TARGET = 14.1;
				LD_RUNPATH_SEARCH_PATHS = (
					"$(inherited)",
					"@executable_path/Frameworks",
					"@loader_path/Frameworks",
				);
				PRODUCT_BUNDLE_IDENTIFIER = com.hernan.MarvelCharactersListTests;
				PRODUCT_NAME = "$(TARGET_NAME)";
				SWIFT_VERSION = 5.0;
				TARGETED_DEVICE_FAMILY = "1,2";
				TEST_HOST = "$(BUILT_PRODUCTS_DIR)/MarvelCharactersList.app/MarvelCharactersList";
			};
			name = Release;
		};
		A0872F21256120070031B802 /* Debug */ = {
			isa = XCBuildConfiguration;
			baseConfigurationReference = 95E3C9026086584FD54B10AB /* Pods-MarvelCharactersList-MarvelCharactersListUITests.debug.xcconfig */;
			buildSettings = {
				ALWAYS_EMBED_SWIFT_STANDARD_LIBRARIES = YES;
				CODE_SIGN_STYLE = Automatic;
				DEVELOPMENT_TEAM = QBYF67CS24;
				INFOPLIST_FILE = MarvelCharactersListUITests/Info.plist;
				LD_RUNPATH_SEARCH_PATHS = (
					"$(inherited)",
					"@executable_path/Frameworks",
					"@loader_path/Frameworks",
				);
				PRODUCT_BUNDLE_IDENTIFIER = com.hernan.MarvelCharactersListUITests;
				PRODUCT_NAME = "$(TARGET_NAME)";
				SWIFT_VERSION = 5.0;
				TARGETED_DEVICE_FAMILY = "1,2";
				TEST_TARGET_NAME = MarvelCharactersList;
			};
			name = Debug;
		};
		A0872F22256120070031B802 /* Release */ = {
			isa = XCBuildConfiguration;
			baseConfigurationReference = 9920D261B83D007FEBFF9F02 /* Pods-MarvelCharactersList-MarvelCharactersListUITests.release.xcconfig */;
			buildSettings = {
				ALWAYS_EMBED_SWIFT_STANDARD_LIBRARIES = YES;
				CODE_SIGN_STYLE = Automatic;
				DEVELOPMENT_TEAM = QBYF67CS24;
				INFOPLIST_FILE = MarvelCharactersListUITests/Info.plist;
				LD_RUNPATH_SEARCH_PATHS = (
					"$(inherited)",
					"@executable_path/Frameworks",
					"@loader_path/Frameworks",
				);
				PRODUCT_BUNDLE_IDENTIFIER = com.hernan.MarvelCharactersListUITests;
				PRODUCT_NAME = "$(TARGET_NAME)";
				SWIFT_VERSION = 5.0;
				TARGETED_DEVICE_FAMILY = "1,2";
				TEST_TARGET_NAME = MarvelCharactersList;
			};
			name = Release;
		};
/* End XCBuildConfiguration section */

/* Begin XCConfigurationList section */
		A0872EEB256120050031B802 /* Build configuration list for PBXProject "MarvelCharactersList" */ = {
			isa = XCConfigurationList;
			buildConfigurations = (
				A0872F18256120070031B802 /* Debug */,
				A0872F19256120070031B802 /* Release */,
			);
			defaultConfigurationIsVisible = 0;
			defaultConfigurationName = Release;
		};
		A0872F1A256120070031B802 /* Build configuration list for PBXNativeTarget "MarvelCharactersList" */ = {
			isa = XCConfigurationList;
			buildConfigurations = (
				A0872F1B256120070031B802 /* Debug */,
				A0872F1C256120070031B802 /* Release */,
			);
			defaultConfigurationIsVisible = 0;
			defaultConfigurationName = Release;
		};
		A0872F1D256120070031B802 /* Build configuration list for PBXNativeTarget "MarvelCharactersListTests" */ = {
			isa = XCConfigurationList;
			buildConfigurations = (
				A0872F1E256120070031B802 /* Debug */,
				A0872F1F256120070031B802 /* Release */,
			);
			defaultConfigurationIsVisible = 0;
			defaultConfigurationName = Release;
		};
		A0872F20256120070031B802 /* Build configuration list for PBXNativeTarget "MarvelCharactersListUITests" */ = {
			isa = XCConfigurationList;
			buildConfigurations = (
				A0872F21256120070031B802 /* Debug */,
				A0872F22256120070031B802 /* Release */,
			);
			defaultConfigurationIsVisible = 0;
			defaultConfigurationName = Release;
		};
/* End XCConfigurationList section */
	};
	rootObject = A0872EE8256120050031B802 /* Project object */;
}
